
Microsoft Visual Studio Solution File, Format Version 12.00
# Visual Studio 2015
Project("{FAE04EC0-301F-11D3-BF4B-00C04F79EFBC}") = "HumanPickup.CSharp.Plugins", "HumanPickup.CSharp.Plugins.csproj", "{6A27F112-A882-0A8E-0D11-CF161EA077C0}"
EndProject
Project("{FAE04EC0-301F-11D3-BF4B-00C04F79EFBC}") = "HumanPickup.CSharp", "HumanPickup.CSharp.csproj", "{F4B53D7B-CE4F-716C-F802-0F948F791DEC}"
EndProject
Project("{FAE04EC0-301F-11D3-BF4B-00C04F79EFBC}") = "HumanPickup.CSharp.Editor", "HumanPickup.CSharp.Editor.csproj", "{076D5886-B4D0-7991-0D52-FF64F8897E87}"
EndProject
Global
	GlobalSection(SolutionConfigurationPlatforms) = preSolution
		Debug|Any CPU = Debug|Any CPU
		Release|Any CPU = Release|Any CPU
	EndGlobalSection
	GlobalSection(ProjectConfigurationPlatforms) = postSolution
		{6A27F112-A882-0A8E-0D11-CF161EA077C0}.Debug|Any CPU.ActiveCfg = Debug|Any CPU
		{6A27F112-A882-0A8E-0D11-CF161EA077C0}.Debug|Any CPU.Build.0 = Debug|Any CPU
		{6A27F112-A882-0A8E-0D11-CF161EA077C0}.Release|Any CPU.ActiveCfg = Release|Any CPU
		{6A27F112-A882-0A8E-0D11-CF161EA077C0}.Release|Any CPU.Build.0 = Release|Any CPU
		{F4B53D7B-CE4F-716C-F802-0F948F791DEC}.Debug|Any CPU.ActiveCfg = Debug|Any CPU
		{F4B53D7B-CE4F-716C-F802-0F948F791DEC}.Debug|Any CPU.Build.0 = Debug|Any CPU
		{F4B53D7B-CE4F-716C-F802-0F948F791DEC}.Release|Any CPU.ActiveCfg = Release|Any CPU
		{F4B53D7B-CE4F-716C-F802-0F948F791DEC}.Release|Any CPU.Build.0 = Release|Any CPU
		{076D5886-B4D0-7991-0D52-FF64F8897E87}.Debug|Any CPU.ActiveCfg = Debug|Any CPU
		{076D5886-B4D0-7991-0D52-FF64F8897E87}.Debug|Any CPU.Build.0 = Debug|Any CPU
		{076D5886-B4D0-7991-0D52-FF64F8897E87}.Release|Any CPU.ActiveCfg = Release|Any CPU
		{076D5886-B4D0-7991-0D52-FF64F8897E87}.Release|Any CPU.Build.0 = Release|Any CPU
	EndGlobalSection
	GlobalSection(SolutionProperties) = preSolution
		HideSolutionNode = FALSE
	EndGlobalSection
EndGlobal
